
Microsoft Visual Studio Solution File, Format Version 12.00
# Visual Studio Version 17
VisualStudioVersion = 17.3.32929.385
MinimumVisualStudioVersion = 10.0.40219.1
Project("{FAE04EC0-301F-11D3-BF4B-00C04F79EFBC}") = "MVVMGroceryStoreApp", "MVVMGroceryStoreApp\MVVMGroceryStoreApp.csproj", "{1CBDA786-81CE-4168-9576-31B4733DB296}"
EndProject
Project("{FAE04EC0-301F-11D3-BF4B-00C04F79EFBC}") = "WpfCustomControlLibrary", "WpfCustomControlLibrary\WpfCustomControlLibrary.csproj", "{F103C134-4C3C-4D7D-AB09-E974E01530E3}"
EndProject
Global
	GlobalSection(SolutionConfigurationPlatforms) = preSolution
		Debug|Any CPU = Debug|Any CPU
		Release|Any CPU = Release|Any CPU
	EndGlobalSection
	GlobalSection(ProjectConfigurationPlatforms) = postSolution
		{1CBDA786-81CE-4168-9576-31B4733DB296}.Debug|Any CPU.ActiveCfg = Debug|Any CPU
		{1CBDA786-81CE-4168-9576-31B4733DB296}.Debug|Any CPU.Build.0 = Debug|Any CPU
		{1CBDA786-81CE-4168-9576-31B4733DB296}.Release|Any CPU.ActiveCfg = Release|Any CPU
		{1CBDA786-81CE-4168-9576-31B4733DB296}.Release|Any CPU.Build.0 = Release|Any CPU
		{F103C134-4C3C-4D7D-AB09-E974E01530E3}.Debug|Any CPU.ActiveCfg = Debug|Any CPU
		{F103C134-4C3C-4D7D-AB09-E974E01530E3}.Debug|Any CPU.Build.0 = Debug|Any CPU
		{F103C134-4C3C-4D7D-AB09-E974E01530E3}.Release|Any CPU.ActiveCfg = Release|Any CPU
		{F103C134-4C3C-4D7D-AB09-E974E01530E3}.Release|Any CPU.Build.0 = Release|Any CPU
	EndGlobalSection
	GlobalSection(SolutionProperties) = preSolution
		HideSolutionNode = FALSE
	EndGlobalSection
	GlobalSection(ExtensibilityGlobals) = postSolution
		SolutionGuid = {DB47FC8D-5220-4CFE-8404-8E2021AA3E80}
	EndGlobalSection
EndGlobal
